
Microsoft Visual Studio Solution File, Format Version 12.00
# Visual Studio 15
VisualStudioVersion = 15.0.28010.2048
MinimumVisualStudioVersion = 10.0.40219.1
Project("{FAE04EC0-301F-11D3-BF4B-00C04F79EFBC}") = "Registrator", "Registrator\Registrator.csproj", "{88F64412-7CE6-4708-A73A-F98FB8CDC30C}"
EndProject
Global
	GlobalSection(SolutionConfigurationPlatforms) = preSolution
		Debug|Any CPU = Debug|Any CPU
		Release|Any CPU = Release|Any CPU
	EndGlobalSection
	GlobalSection(ProjectConfigurationPlatforms) = postSolution
		{88F64412-7CE6-4708-A73A-F98FB8CDC30C}.Debug|Any CPU.ActiveCfg = Debug|Any CPU
		{88F64412-7CE6-4708-A73A-F98FB8CDC30C}.Debug|Any CPU.Build.0 = Debug|Any CPU
		{88F64412-7CE6-4708-A73A-F98FB8CDC30C}.Release|Any CPU.ActiveCfg = Release|Any CPU
		{88F64412-7CE6-4708-A73A-F98FB8CDC30C}.Release|Any CPU.Build.0 = Release|Any CPU
	EndGlobalSection
	GlobalSection(SolutionProperties) = preSolution
		HideSolutionNode = FALSE
	EndGlobalSection
	GlobalSection(ExtensibilityGlobals) = postSolution
		SolutionGuid = {5BA767E0-D7B0-41AF-BC32-ECE535DEEA74}
	EndGlobalSection
EndGlobal
